
Microsoft Visual Studio Solution File, Format Version 12.00
# Visual Studio Version 17
VisualStudioVersion = 17.3.32922.545
MinimumVisualStudioVersion = 10.0.40219.1
Project("{2150E333-8FDC-42A3-9474-1A3956D46DE8}") = "src", "src", "{8A2D716E-5293-4C97-BBE2-28A108543826}"
EndProject
Project("{2150E333-8FDC-42A3-9474-1A3956D46DE8}") = "BuildingBlocks", "BuildingBlocks", "{885C8BB9-8B45-4C6B-81AE-C62C146BB509}"
EndProject
Project("{2150E333-8FDC-42A3-9474-1A3956D46DE8}") = "Services", "Services", "{EAE05FAE-D6C0-4ABA-8D26-81766AFA4229}"
EndProject
Project("{FAE04EC0-301F-11D3-BF4B-00C04F79EFBC}") = "Catalog.API", "src\Services\Catalog\Catalog.API\Catalog.API.csproj", "{CCAD680A-79D9-4B35-9229-32BF665BEAAB}"
EndProject
Project("{2150E333-8FDC-42A3-9474-1A3956D46DE8}") = "Catalog", "Catalog", "{5692D7F4-0BE3-409A-AB84-FBC953BBAB4F}"
EndProject
Global
	GlobalSection(SolutionConfigurationPlatforms) = preSolution
		Debug|Any CPU = Debug|Any CPU
		Release|Any CPU = Release|Any CPU
	EndGlobalSection
	GlobalSection(ProjectConfigurationPlatforms) = postSolution
		{CCAD680A-79D9-4B35-9229-32BF665BEAAB}.Debug|Any CPU.ActiveCfg = Debug|Any CPU
		{CCAD680A-79D9-4B35-9229-32BF665BEAAB}.Debug|Any CPU.Build.0 = Debug|Any CPU
		{CCAD680A-79D9-4B35-9229-32BF665BEAAB}.Release|Any CPU.ActiveCfg = Release|Any CPU
		{CCAD680A-79D9-4B35-9229-32BF665BEAAB}.Release|Any CPU.Build.0 = Release|Any CPU
	EndGlobalSection
	GlobalSection(SolutionProperties) = preSolution
		HideSolutionNode = FALSE
	EndGlobalSection
	GlobalSection(NestedProjects) = preSolution
		{885C8BB9-8B45-4C6B-81AE-C62C146BB509} = {8A2D716E-5293-4C97-BBE2-28A108543826}
		{EAE05FAE-D6C0-4ABA-8D26-81766AFA4229} = {8A2D716E-5293-4C97-BBE2-28A108543826}
		{CCAD680A-79D9-4B35-9229-32BF665BEAAB} = {5692D7F4-0BE3-409A-AB84-FBC953BBAB4F}
		{5692D7F4-0BE3-409A-AB84-FBC953BBAB4F} = {EAE05FAE-D6C0-4ABA-8D26-81766AFA4229}
	EndGlobalSection
	GlobalSection(ExtensibilityGlobals) = postSolution
		SolutionGuid = {5B6A9EA9-034C-4D14-A4B6-E965C159116C}
	EndGlobalSection
EndGlobal
